Microsoft Visual Studio Solution File, Format Version 12.00
# Visual Studio Version 16
VisualStudioVersion = 16.0.30011.22
MinimumVisualStudioVersion = 10.0.40219.1
Project("{FAE04EC0-301F-11D3-BF4B-00C04F79EFBC}") = "TripXpert", "TripXpert\TripXpert.csproj", "{9D60050C-F235-451E-A55E-9FCEC92508BA}"
EndProject
Project("{FAE04EC0-301F-11D3-BF4B-00C04F79EFBC}") = "TripXpert.DAL", "TripXpert.DAL\TripXpert.DAL.csproj", "{54E4506A-BC72-44DC-A25D-0E2B646933B7}"
EndProject
Global
	GlobalSection(SolutionConfigurationPlatforms) = preSolution
		Debug|Any CPU = Debug|Any CPU
		Release|Any CPU = Release|Any CPU
	EndGlobalSection
	GlobalSection(ProjectConfigurationPlatforms) = postSolution
		{9D60050C-F235-451E-A55E-9FCEC92508BA}.Debug|Any CPU.ActiveCfg = Debug|Any CPU
		{9D60050C-F235-451E-A55E-9FCEC92508BA}.Debug|Any CPU.Build.0 = Debug|Any CPU
		{9D60050C-F235-451E-A55E-9FCEC92508BA}.Release|Any CPU.ActiveCfg = Release|Any CPU
		{9D60050C-F235-451E-A55E-9FCEC92508BA}.Release|Any CPU.Build.0 = Release|Any CPU
		{54E4506A-BC72-44DC-A25D-0E2B646933B7}.Debug|Any CPU.ActiveCfg = Debug|Any CPU
		{54E4506A-BC72-44DC-A25D-0E2B646933B7}.Debug|Any CPU.Build.0 = Debug|Any CPU
		{54E4506A-BC72-44DC-A25D-0E2B646933B7}.Release|Any CPU.ActiveCfg = Release|Any CPU
		{54E4506A-BC72-44DC-A25D-0E2B646933B7}.Release|Any CPU.Build.0 = Release|Any CPU
	EndGlobalSection
	GlobalSection(SolutionProperties) = preSolution
		HideSolutionNode = FALSE
	EndGlobalSection
	GlobalSection(ExtensibilityGlobals) = postSolution
		SolutionGuid = {CA9CB649-6226-492E-B001-C1E5202CDC3C}
	EndGlobalSection
	GlobalSection(TeamFoundationVersionControl) = preSolution
		SccNumberOfProjects = 3
		SccEnterpriseProvider = {4CA58AB2-18FA-4F8D-95D4-32DDF27D184C}
		SccTeamFoundationServer = https://chaudarywajid.visualstudio.com/
		SccLocalPath0 = .
		SccProjectUniqueName1 = TripXpert.DAL\\TripXpert.DAL.csproj
		SccProjectName1 = TripXpert.DAL
		SccLocalPath1 = TripXpert.DAL
		SccProjectUniqueName2 = TripXpert\\TripXpert.csproj
		SccProjectName2 = TripXpert
		SccLocalPath2 = TripXpert
	EndGlobalSection
EndGlobal
